
Microsoft Visual Studio Solution File, Format Version 12.00
# Visual Studio Version 17
VisualStudioVersion = 17.5.002.0
MinimumVisualStudioVersion = 10.0.40219.1
Project("{9A19103F-16F7-4668-BE54-9A1E7A4F7556}") = "ProEventos.API", "ProEventos.API.csproj", "{6A01563F-209B-4BF4-9D82-43AF126AE01D}"
EndProject
Global
	GlobalSection(SolutionConfigurationPlatforms) = preSolution
		Debug|Any CPU = Debug|Any CPU
		Release|Any CPU = Release|Any CPU
	EndGlobalSection
	GlobalSection(ProjectConfigurationPlatforms) = postSolution
		{6A01563F-209B-4BF4-9D82-43AF126AE01D}.Debug|Any CPU.ActiveCfg = Debug|Any CPU
		{6A01563F-209B-4BF4-9D82-43AF126AE01D}.Debug|Any CPU.Build.0 = Debug|Any CPU
		{6A01563F-209B-4BF4-9D82-43AF126AE01D}.Release|Any CPU.ActiveCfg = Release|Any CPU
		{6A01563F-209B-4BF4-9D82-43AF126AE01D}.Release|Any CPU.Build.0 = Release|Any CPU
	EndGlobalSection
	GlobalSection(SolutionProperties) = preSolution
		HideSolutionNode = FALSE
	EndGlobalSection
	GlobalSection(ExtensibilityGlobals) = postSolution
		SolutionGuid = {FF2AAB7B-99E6-4AEB-B732-F2D4B85660A9}
	EndGlobalSection
EndGlobal
